{
    "_meta": {
        "hash": {
            "sha256": "09a12a52f592f8548577c1ae8b145b6397540dbada3a41f33607373e94138f18"
        },
        "pipfile-spec": 6,
        "requires": {
            "python_version": "3.12"
        },
        "sources": [
            {
                "name": "pypi",
                "url": "https://pypi.org/simple",
                "verify_ssl": true
            }
        ]
    },
    "default": {
        "asgiref": {
            "hashes": [
                "sha256:3e1e3ecc849832fe52ccf2cb6686b7a55f82bb1d6aee72a58826471390335e47",
                "sha256:c343bd80a0bec947a9860adb4c432ffa7db769836c64238fc34bdc3fec84d590"
            ],
            "markers": "python_version >= '3.8'",
            "version": "==3.8.1"
        },
        "django": {
            "hashes": [
                "sha256:bd4505cae0b9bd642313e8fb71810893df5dc2ffcacaa67a33af2d5cd61888f2",
                "sha256:f216510ace3de5de01329463a315a629f33480e893a9024fc93d8c32c22913da"
            ],
            "index": "pypi",
            "version": "==5.0.7"
        },
        "django-phonenumber-field": {
            "extras": [
                "phonenumbers"
            ],
            "hashes": [
                "sha256:196c917b70c01a98e327f482eb8a4a4a55a29891db551f99078585397370b3ba",
                "sha256:8a560fe1b01b94c9de8cde22bc373b695f023cc6df4baba00264cb079da9f631"
            ],
            "index": "pypi",
            "version": "==8.0.0"
        },
        "djangorestframework": {
            "hashes": [
                "sha256:2b8871b062ba1aefc2de01f773875441a961fefbf79f5eed1e32b2f096944b20",
                "sha256:36fe88cd2d6c6bec23dca9804bab2ba5517a8bb9d8f47ebc68981b56840107ad"
            ],
            "index": "pypi",
            "version": "==3.15.2"
        },
        "djangorestframework-simplejwt": {
            "hashes": [
                "sha256:381bc966aa46913905629d472cd72ad45faa265509764e20ffd440164c88d220",
                "sha256:6c4bd37537440bc439564ebf7d6085e74c5411485197073f508ebdfa34bc9fae"
            ],
            "index": "pypi",
            "version": "==5.3.1"
        },
        "phonenumbers": {
            "hashes": [
                "sha256:9582752c20a1da5ec4449f7f97542bf8a793c8e2fec0ab57f767177bb8fc0b1d",
                "sha256:f137c2848b8e83dd064b71881b65680584417efa202177fd330e2f7ff6c68113"
            ],
            "version": "==8.13.40"
        },
        "pyjwt": {
            "hashes": [
                "sha256:57e28d156e3d5c10088e0c68abb90bfac3df82b40a71bd0daa20c65ccd5c23de",
                "sha256:59127c392cc44c2da5bb3192169a91f429924e17aff6534d70fdc02ab3e04320"
            ],
            "markers": "python_version >= '3.7'",
            "version": "==2.8.0"
        },
        "pyotp": {
            "hashes": [
                "sha256:346b6642e0dbdde3b4ff5a930b664ca82abfa116356ed48cc42c7d6590d36f63",
                "sha256:81c2e5865b8ac55e825b0358e496e1d9387c811e85bb40e71a3b29b288963612"
            ],
            "index": "pypi",
            "version": "==2.9.0"
        },
        "sqlparse": {
            "hashes": [
                "sha256:773dcbf9a5ab44a090f3441e2180efe2560220203dc2f8c0b0fa141e18b505e4",
                "sha256:bb6b4df465655ef332548e24f08e205afc81b9ab86cb1c45657a7ff173a3a00e"
            ],
            "markers": "python_version >= '3.8'",
            "version": "==0.5.1"
        }
    },
    "develop": {}
}
